
Microsoft Visual Studio Solution File, Format Version 12.00
# Visual Studio Version 17
VisualStudioVersion = 17.1.32228.430
MinimumVisualStudioVersion = 10.0.40219.1
Project("{2150E333-8FDC-42A3-9474-1A3956D46DE8}") = "1.Domain", "1.Domain", "{8EE54373-8A07-4858-99CE-16AC3636B82D}"
EndProject
Project("{2150E333-8FDC-42A3-9474-1A3956D46DE8}") = "3.Applications", "3.Applications", "{619BD0FD-D9A7-46DA-ACD4-D38D3A9A01AC}"
EndProject
Project("{2150E333-8FDC-42A3-9474-1A3956D46DE8}") = "2.Infra", "2.Infra", "{9F8923F0-7A9D-44CE-B43E-B52653F84454}"
EndProject
Project("{2150E333-8FDC-42A3-9474-1A3956D46DE8}") = "4.Tests", "4.Tests", "{11BDD477-66BD-477A-949F-F49BCB956C52}"
EndProject
Project("{9A19103F-16F7-4668-BE54-9A1E7A4F7556}") = "SFF.Applications.API", "3.Applications\Applications.API\SFF.Applications.API.csproj", "{F0BC513F-CA60-4742-B224-710AB0924032}"
EndProject
Project("{9A19103F-16F7-4668-BE54-9A1E7A4F7556}") = "SFF.Domain.SharedKernel", "1.Domain\Domain.SharedKernel\SFF.Domain.SharedKernel.csproj", "{D4A8FDC4-52FF-4031-B34B-99BAE22DE902}"
EndProject
Project("{9A19103F-16F7-4668-BE54-9A1E7A4F7556}") = "SFF.Domain.Administration", "1.Domain\Domain.Administration\SFF.Domain.Administration.csproj", "{4FC6AE0D-AB2B-430E-8AF3-B086C140848C}"
EndProject
Project("{9A19103F-16F7-4668-BE54-9A1E7A4F7556}") = "SFF.Domain.Financial", "1.Domain\Domain.Financial\SFF.Domain.Financial.csproj", "{9E437CA6-52F7-4FD6-9F6C-1D639FB154B1}"
EndProject
Project("{9A19103F-16F7-4668-BE54-9A1E7A4F7556}") = "SFF.Infra.IoC", "2.Infra\Infra.IoC\SFF.Infra.IoC.csproj", "{D335CB2F-CFC5-4A26-A84C-44D7815D5AB5}"
EndProject
Project("{9A19103F-16F7-4668-BE54-9A1E7A4F7556}") = "SFF.Infra.Core", "2.Infra\Infra.Core\SFF.Infra.Core.csproj", "{2E10E80B-9E94-4BA4-ADF2-D586BD1A4A6B}"
EndProject
Project("{9A19103F-16F7-4668-BE54-9A1E7A4F7556}") = "SFF.Infra.Repository", "2.Infra\Infra.Repository\SFF.Infra.Repository.csproj", "{A6F6D251-4D1F-47A7-9E47-C0BAA0586DB3}"
EndProject
Project("{2150E333-8FDC-42A3-9474-1A3956D46DE8}") = "1.Domain", "1.Domain", "{6D9D7734-C498-40CD-AD53-772033F4D905}"
EndProject
Project("{2150E333-8FDC-42A3-9474-1A3956D46DE8}") = "2.Infra", "2.Infra", "{E7C803FB-1257-41D7-BFBC-FDEF0BC06DF4}"
EndProject
Project("{2150E333-8FDC-42A3-9474-1A3956D46DE8}") = "3.Applications", "3.Applications", "{2B2E0D7E-655B-4BD0-B306-2291089CE20F}"
EndProject
Project("{9A19103F-16F7-4668-BE54-9A1E7A4F7556}") = "SFF.Domain.Financial.Tests", "4.Tests\Domain.Financial.Tests\SFF.Domain.Financial.Tests.csproj", "{EF80EB50-8058-4369-8288-2B46E0EC1348}"
EndProject
Project("{9A19103F-16F7-4668-BE54-9A1E7A4F7556}") = "SFF.Domain.Administration.Tests", "4.Tests\Domain.Administration.Tests\SFF.Domain.Administration.Tests.csproj", "{7A3DB5BF-495B-4C3A-AF08-99BCD4276470}"
EndProject
Project("{9A19103F-16F7-4668-BE54-9A1E7A4F7556}") = "SFF.Infra.Core.Tests", "Infra.Core.Tests\SFF.Infra.Core.Tests.csproj", "{58299BA1-DE28-4E93-A07B-235AC559A21E}"
EndProject
Project("{9A19103F-16F7-4668-BE54-9A1E7A4F7556}") = "SFF.Infra.Repository.Tests", "Infra.Repository.Tests\SFF.Infra.Repository.Tests.csproj", "{15CCE140-F71D-43A7-8FBA-6FAEBE9A173B}"
EndProject
Project("{9A19103F-16F7-4668-BE54-9A1E7A4F7556}") = "SFF.Applications.API.Tests", "Applications.API.Tests\SFF.Applications.API.Tests.csproj", "{DF63A6C4-3FF5-4D91-9355-680098DF394A}"
EndProject
Project("{9A19103F-16F7-4668-BE54-9A1E7A4F7556}") = "SFF.Domain.SharedKernel.Tests", "4.Tests\Domain.SharedKernel.Tests\SFF.Domain.SharedKernel.Tests.csproj", "{829C2204-1501-4388-BA4D-58708F4169F1}"
EndProject
Project("{9A19103F-16F7-4668-BE54-9A1E7A4F7556}") = "SFF.Infra.Web", "2.Infra\Infra.Web\SFF.Infra.Web.csproj", "{BE88BE47-8800-4943-AE31-DB182DF05A10}"
EndProject
Project("{FAE04EC0-301F-11D3-BF4B-00C04F79EFBC}") = "SFF.Domain.BasicInformations", "1.Domain\Domain.BasicInformations\SFF.Domain.BasicInformations.csproj", "{1CF93DBC-B23E-4A81-8589-70374E00A5FB}"
EndProject
Global
	GlobalSection(SolutionConfigurationPlatforms) = preSolution
		Debug|Any CPU = Debug|Any CPU
		Release|Any CPU = Release|Any CPU
	EndGlobalSection
	GlobalSection(ProjectConfigurationPlatforms) = postSolution
		{F0BC513F-CA60-4742-B224-710AB0924032}.Debug|Any CPU.ActiveCfg = Debug|Any CPU
		{F0BC513F-CA60-4742-B224-710AB0924032}.Debug|Any CPU.Build.0 = Debug|Any CPU
		{F0BC513F-CA60-4742-B224-710AB0924032}.Release|Any CPU.ActiveCfg = Release|Any CPU
		{F0BC513F-CA60-4742-B224-710AB0924032}.Release|Any CPU.Build.0 = Release|Any CPU
		{D4A8FDC4-52FF-4031-B34B-99BAE22DE902}.Debug|Any CPU.ActiveCfg = Debug|Any CPU
		{D4A8FDC4-52FF-4031-B34B-99BAE22DE902}.Debug|Any CPU.Build.0 = Debug|Any CPU
		{D4A8FDC4-52FF-4031-B34B-99BAE22DE902}.Release|Any CPU.ActiveCfg = Release|Any CPU
		{D4A8FDC4-52FF-4031-B34B-99BAE22DE902}.Release|Any CPU.Build.0 = Release|Any CPU
		{4FC6AE0D-AB2B-430E-8AF3-B086C140848C}.Debug|Any CPU.ActiveCfg = Debug|Any CPU
		{4FC6AE0D-AB2B-430E-8AF3-B086C140848C}.Debug|Any CPU.Build.0 = Debug|Any CPU
		{4FC6AE0D-AB2B-430E-8AF3-B086C140848C}.Release|Any CPU.ActiveCfg = Release|Any CPU
		{4FC6AE0D-AB2B-430E-8AF3-B086C140848C}.Release|Any CPU.Build.0 = Release|Any CPU
		{9E437CA6-52F7-4FD6-9F6C-1D639FB154B1}.Debug|Any CPU.ActiveCfg = Debug|Any CPU
		{9E437CA6-52F7-4FD6-9F6C-1D639FB154B1}.Debug|Any CPU.Build.0 = Debug|Any CPU
		{9E437CA6-52F7-4FD6-9F6C-1D639FB154B1}.Release|Any CPU.ActiveCfg = Release|Any CPU
		{9E437CA6-52F7-4FD6-9F6C-1D639FB154B1}.Release|Any CPU.Build.0 = Release|Any CPU
		{D335CB2F-CFC5-4A26-A84C-44D7815D5AB5}.Debug|Any CPU.ActiveCfg = Debug|Any CPU
		{D335CB2F-CFC5-4A26-A84C-44D7815D5AB5}.Debug|Any CPU.Build.0 = Debug|Any CPU
		{D335CB2F-CFC5-4A26-A84C-44D7815D5AB5}.Release|Any CPU.ActiveCfg = Release|Any CPU
		{D335CB2F-CFC5-4A26-A84C-44D7815D5AB5}.Release|Any CPU.Build.0 = Release|Any CPU
		{2E10E80B-9E94-4BA4-ADF2-D586BD1A4A6B}.Debug|Any CPU.ActiveCfg = Debug|Any CPU
		{2E10E80B-9E94-4BA4-ADF2-D586BD1A4A6B}.Debug|Any CPU.Build.0 = Debug|Any CPU
		{2E10E80B-9E94-4BA4-ADF2-D586BD1A4A6B}.Release|Any CPU.ActiveCfg = Release|Any CPU
		{2E10E80B-9E94-4BA4-ADF2-D586BD1A4A6B}.Release|Any CPU.Build.0 = Release|Any CPU
		{A6F6D251-4D1F-47A7-9E47-C0BAA0586DB3}.Debug|Any CPU.ActiveCfg = Debug|Any CPU
		{A6F6D251-4D1F-47A7-9E47-C0BAA0586DB3}.Debug|Any CPU.Build.0 = Debug|Any CPU
		{A6F6D251-4D1F-47A7-9E47-C0BAA0586DB3}.Release|Any CPU.ActiveCfg = Release|Any CPU
		{A6F6D251-4D1F-47A7-9E47-C0BAA0586DB3}.Release|Any CPU.Build.0 = Release|Any CPU
		{EF80EB50-8058-4369-8288-2B46E0EC1348}.Debug|Any CPU.ActiveCfg = Debug|Any CPU
		{EF80EB50-8058-4369-8288-2B46E0EC1348}.Debug|Any CPU.Build.0 = Debug|Any CPU
		{EF80EB50-8058-4369-8288-2B46E0EC1348}.Release|Any CPU.ActiveCfg = Release|Any CPU
		{EF80EB50-8058-4369-8288-2B46E0EC1348}.Release|Any CPU.Build.0 = Release|Any CPU
		{7A3DB5BF-495B-4C3A-AF08-99BCD4276470}.Debug|Any CPU.ActiveCfg = Debug|Any CPU
		{7A3DB5BF-495B-4C3A-AF08-99BCD4276470}.Debug|Any CPU.Build.0 = Debug|Any CPU
		{7A3DB5BF-495B-4C3A-AF08-99BCD4276470}.Release|Any CPU.ActiveCfg = Release|Any CPU
		{7A3DB5BF-495B-4C3A-AF08-99BCD4276470}.Release|Any CPU.Build.0 = Release|Any CPU
		{58299BA1-DE28-4E93-A07B-235AC559A21E}.Debug|Any CPU.ActiveCfg = Debug|Any CPU
		{58299BA1-DE28-4E93-A07B-235AC559A21E}.Debug|Any CPU.Build.0 = Debug|Any CPU
		{58299BA1-DE28-4E93-A07B-235AC559A21E}.Release|Any CPU.ActiveCfg = Release|Any CPU
		{58299BA1-DE28-4E93-A07B-235AC559A21E}.Release|Any CPU.Build.0 = Release|Any CPU
		{15CCE140-F71D-43A7-8FBA-6FAEBE9A173B}.Debug|Any CPU.ActiveCfg = Debug|Any CPU
		{15CCE140-F71D-43A7-8FBA-6FAEBE9A173B}.Debug|Any CPU.Build.0 = Debug|Any CPU
		{15CCE140-F71D-43A7-8FBA-6FAEBE9A173B}.Release|Any CPU.ActiveCfg = Release|Any CPU
		{15CCE140-F71D-43A7-8FBA-6FAEBE9A173B}.Release|Any CPU.Build.0 = Release|Any CPU
		{DF63A6C4-3FF5-4D91-9355-680098DF394A}.Debug|Any CPU.ActiveCfg = Debug|Any CPU
		{DF63A6C4-3FF5-4D91-9355-680098DF394A}.Debug|Any CPU.Build.0 = Debug|Any CPU
		{DF63A6C4-3FF5-4D91-9355-680098DF394A}.Release|Any CPU.ActiveCfg = Release|Any CPU
		{DF63A6C4-3FF5-4D91-9355-680098DF394A}.Release|Any CPU.Build.0 = Release|Any CPU
		{829C2204-1501-4388-BA4D-58708F4169F1}.Debug|Any CPU.ActiveCfg = Debug|Any CPU
		{829C2204-1501-4388-BA4D-58708F4169F1}.Debug|Any CPU.Build.0 = Debug|Any CPU
		{829C2204-1501-4388-BA4D-58708F4169F1}.Release|Any CPU.ActiveCfg = Release|Any CPU
		{829C2204-1501-4388-BA4D-58708F4169F1}.Release|Any CPU.Build.0 = Release|Any CPU
		{BE88BE47-8800-4943-AE31-DB182DF05A10}.Debug|Any CPU.ActiveCfg = Debug|Any CPU
		{BE88BE47-8800-4943-AE31-DB182DF05A10}.Debug|Any CPU.Build.0 = Debug|Any CPU
		{BE88BE47-8800-4943-AE31-DB182DF05A10}.Release|Any CPU.ActiveCfg = Release|Any CPU
		{BE88BE47-8800-4943-AE31-DB182DF05A10}.Release|Any CPU.Build.0 = Release|Any CPU
		{1CF93DBC-B23E-4A81-8589-70374E00A5FB}.Debug|Any CPU.ActiveCfg = Debug|Any CPU
		{1CF93DBC-B23E-4A81-8589-70374E00A5FB}.Debug|Any CPU.Build.0 = Debug|Any CPU
		{1CF93DBC-B23E-4A81-8589-70374E00A5FB}.Release|Any CPU.ActiveCfg = Release|Any CPU
		{1CF93DBC-B23E-4A81-8589-70374E00A5FB}.Release|Any CPU.Build.0 = Release|Any CPU
	EndGlobalSection
	GlobalSection(SolutionProperties) = preSolution
		HideSolutionNode = FALSE
	EndGlobalSection
	GlobalSection(NestedProjects) = preSolution
		{F0BC513F-CA60-4742-B224-710AB0924032} = {619BD0FD-D9A7-46DA-ACD4-D38D3A9A01AC}
		{D4A8FDC4-52FF-4031-B34B-99BAE22DE902} = {8EE54373-8A07-4858-99CE-16AC3636B82D}
		{4FC6AE0D-AB2B-430E-8AF3-B086C140848C} = {8EE54373-8A07-4858-99CE-16AC3636B82D}
		{9E437CA6-52F7-4FD6-9F6C-1D639FB154B1} = {8EE54373-8A07-4858-99CE-16AC3636B82D}
		{D335CB2F-CFC5-4A26-A84C-44D7815D5AB5} = {9F8923F0-7A9D-44CE-B43E-B52653F84454}
		{2E10E80B-9E94-4BA4-ADF2-D586BD1A4A6B} = {9F8923F0-7A9D-44CE-B43E-B52653F84454}
		{A6F6D251-4D1F-47A7-9E47-C0BAA0586DB3} = {9F8923F0-7A9D-44CE-B43E-B52653F84454}
		{6D9D7734-C498-40CD-AD53-772033F4D905} = {11BDD477-66BD-477A-949F-F49BCB956C52}
		{E7C803FB-1257-41D7-BFBC-FDEF0BC06DF4} = {11BDD477-66BD-477A-949F-F49BCB956C52}
		{2B2E0D7E-655B-4BD0-B306-2291089CE20F} = {11BDD477-66BD-477A-949F-F49BCB956C52}
		{EF80EB50-8058-4369-8288-2B46E0EC1348} = {6D9D7734-C498-40CD-AD53-772033F4D905}
		{7A3DB5BF-495B-4C3A-AF08-99BCD4276470} = {6D9D7734-C498-40CD-AD53-772033F4D905}
		{58299BA1-DE28-4E93-A07B-235AC559A21E} = {E7C803FB-1257-41D7-BFBC-FDEF0BC06DF4}
		{15CCE140-F71D-43A7-8FBA-6FAEBE9A173B} = {E7C803FB-1257-41D7-BFBC-FDEF0BC06DF4}
		{DF63A6C4-3FF5-4D91-9355-680098DF394A} = {2B2E0D7E-655B-4BD0-B306-2291089CE20F}
		{829C2204-1501-4388-BA4D-58708F4169F1} = {6D9D7734-C498-40CD-AD53-772033F4D905}
		{BE88BE47-8800-4943-AE31-DB182DF05A10} = {9F8923F0-7A9D-44CE-B43E-B52653F84454}
		{1CF93DBC-B23E-4A81-8589-70374E00A5FB} = {8EE54373-8A07-4858-99CE-16AC3636B82D}
	EndGlobalSection
	GlobalSection(ExtensibilityGlobals) = postSolution
		SolutionGuid = {88FA1763-3B70-413F-8958-1FC2135F8481}
	EndGlobalSection
EndGlobal
